
Microsoft Visual Studio Solution File, Format Version 12.00
# Visual Studio Version 17
VisualStudioVersion = 17.8.34511.84
MinimumVisualStudioVersion = 10.0.40219.1
Project("{FAE04EC0-301F-11D3-BF4B-00C04F79EFBC}") = "Testability", "Testability\Testability.csproj", "{C3B2A4EC-3546-4918-BCFE-EC1C7D5468EB}"
EndProject
Global
	GlobalSection(SolutionConfigurationPlatforms) = preSolution
		Debug|Any CPU = Debug|Any CPU
		Release|Any CPU = Release|Any CPU
	EndGlobalSection
	GlobalSection(ProjectConfigurationPlatforms) = postSolution
		{C3B2A4EC-3546-4918-BCFE-EC1C7D5468EB}.Debug|Any CPU.ActiveCfg = Debug|Any CPU
		{C3B2A4EC-3546-4918-BCFE-EC1C7D5468EB}.Debug|Any CPU.Build.0 = Debug|Any CPU
		{C3B2A4EC-3546-4918-BCFE-EC1C7D5468EB}.Release|Any CPU.ActiveCfg = Release|Any CPU
		{C3B2A4EC-3546-4918-BCFE-EC1C7D5468EB}.Release|Any CPU.Build.0 = Release|Any CPU
	EndGlobalSection
	GlobalSection(SolutionProperties) = preSolution
		HideSolutionNode = FALSE
	EndGlobalSection
	GlobalSection(ExtensibilityGlobals) = postSolution
		SolutionGuid = {B51F1AD3-C0A6-46B6-BF7E-18CD11ECDB66}
	EndGlobalSection
EndGlobal
